
Microsoft Visual Studio Solution File, Format Version 12.00
# Visual Studio Version 16
VisualStudioVersion = 16.0.30907.101
MinimumVisualStudioVersion = 10.0.40219.1
Project("{FAE04EC0-301F-11D3-BF4B-00C04F79EFBC}") = "DorduncuGunOdevBes", "DorduncuGunOdevBes\DorduncuGunOdevBes.csproj", "{522903A0-74EB-4943-8225-932ECF3CFD2E}"
EndProject
Global
	GlobalSection(SolutionConfigurationPlatforms) = preSolution
		Debug|Any CPU = Debug|Any CPU
		Release|Any CPU = Release|Any CPU
	EndGlobalSection
	GlobalSection(ProjectConfigurationPlatforms) = postSolution
		{522903A0-74EB-4943-8225-932ECF3CFD2E}.Debug|Any CPU.ActiveCfg = Debug|Any CPU
		{522903A0-74EB-4943-8225-932ECF3CFD2E}.Debug|Any CPU.Build.0 = Debug|Any CPU
		{522903A0-74EB-4943-8225-932ECF3CFD2E}.Release|Any CPU.ActiveCfg = Release|Any CPU
		{522903A0-74EB-4943-8225-932ECF3CFD2E}.Release|Any CPU.Build.0 = Release|Any CPU
	EndGlobalSection
	GlobalSection(SolutionProperties) = preSolution
		HideSolutionNode = FALSE
	EndGlobalSection
	GlobalSection(ExtensibilityGlobals) = postSolution
		SolutionGuid = {62CE1A34-2629-4AF1-8A2D-A83C424501D1}
	EndGlobalSection
EndGlobal
